
Microsoft Visual Studio Solution File, Format Version 12.00
# Visual Studio Version 16
VisualStudioVersion = 16.0.30406.217
MinimumVisualStudioVersion = 10.0.40219.1
Project("{FAE04EC0-301F-11D3-BF4B-00C04F79EFBC}") = "CookieClicker", "CookieClicker\CookieClicker.csproj", "{B6BD4051-2624-439D-A464-B31BB39DBC71}"
EndProject
Global
	GlobalSection(SolutionConfigurationPlatforms) = preSolution
		Debug|Any CPU = Debug|Any CPU
		Release|Any CPU = Release|Any CPU
	EndGlobalSection
	GlobalSection(ProjectConfigurationPlatforms) = postSolution
		{B6BD4051-2624-439D-A464-B31BB39DBC71}.Debug|Any CPU.ActiveCfg = Debug|Any CPU
		{B6BD4051-2624-439D-A464-B31BB39DBC71}.Debug|Any CPU.Build.0 = Debug|Any CPU
		{B6BD4051-2624-439D-A464-B31BB39DBC71}.Release|Any CPU.ActiveCfg = Release|Any CPU
		{B6BD4051-2624-439D-A464-B31BB39DBC71}.Release|Any CPU.Build.0 = Release|Any CPU
	EndGlobalSection
	GlobalSection(SolutionProperties) = preSolution
		HideSolutionNode = FALSE
	EndGlobalSection
	GlobalSection(ExtensibilityGlobals) = postSolution
		SolutionGuid = {9AF79CB3-0308-4342-B0C0-9E32FDDA2B65}
	EndGlobalSection
EndGlobal
